// !$*UTF8*$!
{
	archiveVersion = 1;
	classes = {
	};
	objectVersion = 48;
	objects = {

/* Begin PBXBuildFile section */
		3EA7199720AF34A800930594 /* AppDelegate.swift in Sources */ = {isa = PBXBuildFile; fileRef = 3EA7199620AF34A800930594 /* AppDelegate.swift */; };
		3EA7199920AF34A800930594 /* ViewController.swift in Sources */ = {isa = PBXBuildFile; fileRef = 3EA7199820AF34A800930594 /* ViewController.swift */; };
		3EA7199C20AF34A800930594 /* Main.storyboard in Resources */ = {isa = PBXBuildFile; fileRef = 3EA7199A20AF34A800930594 /* Main.storyboard */; };
		3EA7199E20AF34A800930594 /* Assets.xcassets in Resources */ = {isa = PBXBuildFile; fileRef = 3EA7199D20AF34A800930594 /* Assets.xcassets */; };
		3EA719A120AF34A800930594 /* LaunchScreen.storyboard in Resources */ = {isa = PBXBuildFile; fileRef = 3EA7199F20AF34A800930594 /* LaunchScreen.storyboard */; };
		51E458C53E0E72DEB1ACB756 /* Pods_DemoSwift.framework in Frameworks */ = {isa = PBXBuildFile; fileRef = BD24EFA7940199D6CD6CDD90 /* Pods_DemoSwift.framework */; };
		7B0927C720C2E93F00D58228 /* CommentsCell.swift in Sources */ = {isa = PBXBuildFile; fileRef = 7B0927C620C2E93F00D58228 /* CommentsCell.swift */; };
		7B8D20AE20BC4AB100BDCCA3 /* HeartView.swift in Sources */ = {isa = PBXBuildFile; fileRef = 7B8D20AC20BC4AB100BDCCA3 /* HeartView.swift */; };
		7B8D20AF20BC4AB100BDCCA3 /* Helpers.swift in Sources */ = {isa = PBXBuildFile; fileRef = 7B8D20AD20BC4AB100BDCCA3 /* Helpers.swift */; };
		7BC14D6220B494A4001782A3 /* YouTubeHelper.swift in Sources */ = {isa = PBXBuildFile; fileRef = 7BC14D6120B494A4001782A3 /* YouTubeHelper.swift */; };
/* End PBXBuildFile section */

/* Begin PBXFileReference section */
		3EA7199320AF34A800930594 /* DemoSwift.app */ = {isa = PBXFileReference; explicitFileType = wrapper.application; includeInIndex = 0; path = DemoSwift.app; sourceTree = BUILT_PRODUCTS_DIR; };
		3EA7199620AF34A800930594 /* AppDelegate.swift */ = {isa = PBXFileReference; lastKnownFileType = sourcecode.swift; path = AppDelegate.swift; sourceTree = "<group>"; };
		3EA7199820AF34A800930594 /* ViewController.swift */ = {isa = PBXFileReference; lastKnownFileType = sourcecode.swift; path = ViewController.swift; sourceTree = "<group>"; };
		3EA7199B20AF34A800930594 /* Base */ = {isa = PBXFileReference; lastKnownFileType = file.storyboard; name = Base; path = Base.lproj/Main.storyboard; sourceTree = "<group>"; };
		3EA7199D20AF34A800930594 /* Assets.xcassets */ = {isa = PBXFileReference; lastKnownFileType = folder.assetcatalog; path = Assets.xcassets; sourceTree = "<group>"; };
		3EA719A020AF34A800930594 /* Base */ = {isa = PBXFileReference; lastKnownFileType = file.storyboard; name = Base; path = Base.lproj/LaunchScreen.storyboard; sourceTree = "<group>"; };
		3EA719A220AF34A800930594 /* Info.plist */ = {isa = PBXFileReference; lastKnownFileType = text.plist.xml; path = Info.plist; sourceTree = "<group>"; };
		3EA719A920AF36CB00930594 /* SwiftDemo-Bridging-Header.h */ = {isa = PBXFileReference; lastKnownFileType = sourcecode.c.h; path = "SwiftDemo-Bridging-Header.h"; sourceTree = "<group>"; };
		7B0927C620C2E93F00D58228 /* CommentsCell.swift */ = {isa = PBXFileReference; lastKnownFileType = sourcecode.swift; path = CommentsCell.swift; sourceTree = "<group>"; };
		7B8D20AC20BC4AB100BDCCA3 /* HeartView.swift */ = {isa = PBXFileReference; fileEncoding = 4; lastKnownFileType = sourcecode.swift; path = HeartView.swift; sourceTree = "<group>"; };
		7B8D20AD20BC4AB100BDCCA3 /* Helpers.swift */ = {isa = PBXFileReference; fileEncoding = 4; lastKnownFileType = sourcecode.swift; path = Helpers.swift; sourceTree = "<group>"; };
		7BC14D6120B494A4001782A3 /* YouTubeHelper.swift */ = {isa = PBXFileReference; lastKnownFileType = sourcecode.swift; path = YouTubeHelper.swift; sourceTree = "<group>"; };
		7EC18888DB9CE11A26DDA3FF /* Pods-DemoSwift.release.xcconfig */ = {isa = PBXFileReference; includeInIndex = 1; lastKnownFileType = text.xcconfig; name = "Pods-DemoSwift.release.xcconfig"; path = "Pods/Target Support Files/Pods-DemoSwift/Pods-DemoSwift.release.xcconfig"; sourceTree = "<group>"; };
		BD24EFA7940199D6CD6CDD90 /* Pods_DemoSwift.framework */ = {isa = PBXFileReference; explicitFileType = wrapper.framework; includeInIndex = 0; path = Pods_DemoSwift.framework; sourceTree = BUILT_PRODUCTS_DIR; };
		FCFEE995172B2AE0C3765E82 /* Pods-DemoSwift.debug.xcconfig */ = {isa = PBXFileReference; includeInIndex = 1; lastKnownFileType = text.xcconfig; name = "Pods-DemoSwift.debug.xcconfig"; path = "Pods/Target Support Files/Pods-DemoSwift/Pods-DemoSwift.debug.xcconfig"; sourceTree = "<group>"; };
/* End PBXFileReference section */

/* Begin PBXFrameworksBuildPhase section */
		3EA7199020AF34A800930594 /* Frameworks */ = {
			isa = PBXFrameworksBuildPhase;
			buildActionMask = 2147483647;
			files = (
				51E458C53E0E72DEB1ACB756 /* Pods_DemoSwift.framework in Frameworks */,
			);
			runOnlyForDeploymentPostprocessing = 0;
		};
/* End PBXFrameworksBuildPhase section */

/* Begin PBXGroup section */
		0AD33FBFE9062548ED4AC56E /* Frameworks */ = {
			isa = PBXGroup;
			children = (
				BD24EFA7940199D6CD6CDD90 /* Pods_DemoSwift.framework */,
			);
			name = Frameworks;
			sourceTree = "<group>";
		};
		3EA7198A20AF34A800930594 = {
			isa = PBXGroup;
			children = (
				3EA7199520AF34A800930594 /* DemoSwift */,
				3EA7199420AF34A800930594 /* Products */,
				AB4F50423BED4EF1D1109023 /* Pods */,
				0AD33FBFE9062548ED4AC56E /* Frameworks */,
			);
			sourceTree = "<group>";
		};
		3EA7199420AF34A800930594 /* Products */ = {
			isa = PBXGroup;
			children = (
				3EA7199320AF34A800930594 /* DemoSwift.app */,
			);
			name = Products;
			sourceTree = "<group>";
		};
		3EA7199520AF34A800930594 /* DemoSwift */ = {
			isa = PBXGroup;
			children = (
				7B8D20AB20BC4AA400BDCCA3 /* HeartView */,
				3EA7199620AF34A800930594 /* AppDelegate.swift */,
				3EA7199820AF34A800930594 /* ViewController.swift */,
				7B0927C620C2E93F00D58228 /* CommentsCell.swift */,
				7BC14D6120B494A4001782A3 /* YouTubeHelper.swift */,
				3EA7199A20AF34A800930594 /* Main.storyboard */,
				3EA7199D20AF34A800930594 /* Assets.xcassets */,
				3EA7199F20AF34A800930594 /* LaunchScreen.storyboard */,
				3EA719A220AF34A800930594 /* Info.plist */,
				3EA719A920AF36CB00930594 /* SwiftDemo-Bridging-Header.h */,
			);
			path = DemoSwift;
			sourceTree = "<group>";
		};
		7B8D20AB20BC4AA400BDCCA3 /* HeartView */ = {
			isa = PBXGroup;
			children = (
				7B8D20AC20BC4AB100BDCCA3 /* HeartView.swift */,
				7B8D20AD20BC4AB100BDCCA3 /* Helpers.swift */,
			);
			name = HeartView;
			sourceTree = "<group>";
		};
		AB4F50423BED4EF1D1109023 /* Pods */ = {
			isa = PBXGroup;
			children = (
				FCFEE995172B2AE0C3765E82 /* Pods-DemoSwift.debug.xcconfig */,
				7EC18888DB9CE11A26DDA3FF /* Pods-DemoSwift.release.xcconfig */,
			);
			name = Pods;
			sourceTree = "<group>";
		};
/* End PBXGroup section */

/* Begin PBXNativeTarget section */
		3EA7199220AF34A800930594 /* DemoSwift */ = {
			isa = PBXNativeTarget;
			buildConfigurationList = 3EA719A520AF34A800930594 /* Build configuration list for PBXNativeTarget "DemoSwift" */;
			buildPhases = (
				8D7A8F40E8FB6B65238B5019 /* [CP] Check Pods Manifest.lock */,
				3EA7198F20AF34A800930594 /* Sources */,
				3EA7199020AF34A800930594 /* Frameworks */,
				3EA7199120AF34A800930594 /* Resources */,
				353B46CC14BD5734C0281125 /* [CP] Embed Pods Frameworks */,
				EA9594DA02F0AA30DE6C2C37 /* [CP] Copy Pods Resources */,
			);
			buildRules = (
			);
			dependencies = (
			);
			name = DemoSwift;
			productName = DemoSwift;
			productReference = 3EA7199320AF34A800930594 /* DemoSwift.app */;
			productType = "com.apple.product-type.application";
		};
/* End PBXNativeTarget section */

/* Begin PBXProject section */
		3EA7198B20AF34A800930594 /* Project object */ = {
			isa = PBXProject;
			attributes = {
				LastSwiftUpdateCheck = 0910;
				LastUpgradeCheck = 0910;
				ORGANIZATIONNAME = gao;
				TargetAttributes = {
					3EA7199220AF34A800930594 = {
						CreatedOnToolsVersion = 9.1;
						ProvisioningStyle = Manual;
					};
				};
			};
			buildConfigurationList = 3EA7198E20AF34A800930594 /* Build configuration list for PBXProject "DemoSwift" */;
			compatibilityVersion = "Xcode 8.0";
			developmentRegion = en;
			hasScannedForEncodings = 0;
			knownRegions = (
				en,
				Base,
			);
			mainGroup = 3EA7198A20AF34A800930594;
			productRefGroup = 3EA7199420AF34A800930594 /* Products */;
			projectDirPath = "";
			projectRoot = "";
			targets = (
				3EA7199220AF34A800930594 /* DemoSwift */,
			);
		};
/* End PBXProject section */

/* Begin PBXResourcesBuildPhase section */
		3EA7199120AF34A800930594 /* Resources */ = {
			isa = PBXResourcesBuildPhase;
			buildActionMask = 2147483647;
			files = (
				3EA719A120AF34A800930594 /* LaunchScreen.storyboard in Resources */,
				3EA7199E20AF34A800930594 /* Assets.xcassets in Resources */,
				3EA7199C20AF34A800930594 /* Main.storyboard in Resources */,
			);
			runOnlyForDeploymentPostprocessing = 0;
		};
/* End PBXResourcesBuildPhase section */

/* Begin PBXShellScriptBuildPhase section */
		353B46CC14BD5734C0281125 /* [CP] Embed Pods Frameworks */ = {
			isa = PBXShellScriptBuildPhase;
			buildActionMask = 2147483647;
			files = (
			);
			inputPaths = (
				"${SRCROOT}/Pods/Target Support Files/Pods-DemoSwift/Pods-DemoSwift-frameworks.sh",
				"${BUILT_PRODUCTS_DIR}/GTMOAuth2/GTMOAuth2.framework",
				"${BUILT_PRODUCTS_DIR}/GTMSessionFetcher/GTMSessionFetcher.framework",
				"${BUILT_PRODUCTS_DIR}/GoogleAPIClientForREST/GoogleAPIClientForREST.framework",
				"${BUILT_PRODUCTS_DIR}/GoogleToolboxForMac/GoogleToolboxForMac.framework",
				"${BUILT_PRODUCTS_DIR}/youtube-ios-player-helper/youtube_ios_player_helper.framework",
			);
			name = "[CP] Embed Pods Frameworks";
			outputPaths = (
				"${TARGET_BUILD_DIR}/${FRAMEWORKS_FOLDER_PATH}/GTMOAuth2.framework",
				"${TARGET_BUILD_DIR}/${FRAMEWORKS_FOLDER_PATH}/GTMSessionFetcher.framework",
				"${TARGET_BUILD_DIR}/${FRAMEWORKS_FOLDER_PATH}/GoogleAPIClientForREST.framework",
				"${TARGET_BUILD_DIR}/${FRAMEWORKS_FOLDER_PATH}/GoogleToolboxForMac.framework",
				"${TARGET_BUILD_DIR}/${FRAMEWORKS_FOLDER_PATH}/youtube_ios_player_helper.framework",
			);
			runOnlyForDeploymentPostprocessing = 0;
			shellPath = /bin/sh;
			shellScript = "\"${SRCROOT}/Pods/Target Support Files/Pods-DemoSwift/Pods-DemoSwift-frameworks.sh\"\n";
			showEnvVarsInLog = 0;
		};
		8D7A8F40E8FB6B65238B5019 /* [CP] Check Pods Manifest.lock */ = {
			isa = PBXShellScriptBuildPhase;
			buildActionMask = 2147483647;
			files = (
			);
			inputPaths = (
				"${PODS_PODFILE_DIR_PATH}/Podfile.lock",
				"${PODS_ROOT}/Manifest.lock",
			);
			name = "[CP] Check Pods Manifest.lock";
			outputPaths = (
				"$(DERIVED_FILE_DIR)/Pods-DemoSwift-checkManifestLockResult.txt",
			);
			runOnlyForDeploymentPostprocessing = 0;
			shellPath = /bin/sh;
			shellScript = "diff \"${PODS_PODFILE_DIR_PATH}/Podfile.lock\" \"${PODS_ROOT}/Manifest.lock\" > /dev/null\nif [ $? != 0 ] ; then\n    # print error to STDERR\n    echo \"error: The sandbox is not in sync with the Podfile.lock. Run 'pod install' or update your CocoaPods installation.\" >&2\n    exit 1\nfi\n# This output is used by Xcode 'outputs' to avoid re-running this script phase.\necho \"SUCCESS\" > \"${SCRIPT_OUTPUT_FILE_0}\"\n";
			showEnvVarsInLog = 0;
		};
		EA9594DA02F0AA30DE6C2C37 /* [CP] Copy Pods Resources */ = {
			isa = PBXShellScriptBuildPhase;
			buildActionMask = 2147483647;
			files = (
			);
			inputPaths = (
				"${SRCROOT}/Pods/Target Support Files/Pods-DemoSwift/Pods-DemoSwift-resources.sh",
				"${PODS_ROOT}/GoogleSignIn/Resources/GoogleSignIn.bundle",
			);
			name = "[CP] Copy Pods Resources";
			outputPaths = (
				"${TARGET_BUILD_DIR}/${UNLOCALIZED_RESOURCES_FOLDER_PATH}/GoogleSignIn.bundle",
			);
			runOnlyForDeploymentPostprocessing = 0;
			shellPath = /bin/sh;
			shellScript = "\"${SRCROOT}/Pods/Target Support Files/Pods-DemoSwift/Pods-DemoSwift-resources.sh\"\n";
			showEnvVarsInLog = 0;
		};
/* End PBXShellScriptBuildPhase section */

/* Begin PBXSourcesBuildPhase section */
		3EA7198F20AF34A800930594 /* Sources */ = {
			isa = PBXSourcesBuildPhase;
			buildActionMask = 2147483647;
			files = (
				3EA7199920AF34A800930594 /* ViewController.swift in Sources */,
				7B0927C720C2E93F00D58228 /* CommentsCell.swift in Sources */,
				7B8D20AE20BC4AB100BDCCA3 /* HeartView.swift in Sources */,
				3EA7199720AF34A800930594 /* AppDelegate.swift in Sources */,
				7B8D20AF20BC4AB100BDCCA3 /* Helpers.swift in Sources */,
				7BC14D6220B494A4001782A3 /* YouTubeHelper.swift in Sources */,
			);
			runOnlyForDeploymentPostprocessing = 0;
		};
/* End PBXSourcesBuildPhase section */

/* Begin PBXVariantGroup section */
		3EA7199A20AF34A800930594 /* Main.storyboard */ = {
			isa = PBXVariantGroup;
			children = (
				3EA7199B20AF34A800930594 /* Base */,
			);
			name = Main.storyboard;
			sourceTree = "<group>";
		};
		3EA7199F20AF34A800930594 /* LaunchScreen.storyboard */ = {
			isa = PBXVariantGroup;
			children = (
				3EA719A020AF34A800930594 /* Base */,
			);
			name = LaunchScreen.storyboard;
			sourceTree = "<group>";
		};
/* End PBXVariantGroup section */

/* Begin XCBuildConfiguration section */
		3EA719A320AF34A800930594 /* Debug */ = {
			isa = XCBuildConfiguration;
			buildSettings = {
				ALWAYS_SEARCH_USER_PATHS = NO;
				CLANG_ANALYZER_NONNULL = YES;
				CLANG_ANALYZER_NUMBER_OBJECT_CONVERSION = YES_AGGRESSIVE;
				CLANG_CXX_LANGUAGE_STANDARD = "gnu++14";
				CLANG_CXX_LIBRARY = "libc++";
				CLANG_ENABLE_MODULES = YES;
				CLANG_ENABLE_OBJC_ARC = YES;
				CLANG_WARN_BLOCK_CAPTURE_AUTORELEASING = YES;
				CLANG_WARN_BOOL_CONVERSION = YES;
				CLANG_WARN_COMMA = YES;
				CLANG_WARN_CONSTANT_CONVERSION = YES;
				CLANG_WARN_DIRECT_OBJC_ISA_USAGE = YES_ERROR;
				CLANG_WARN_DOCUMENTATION_COMMENTS = YES;
				CLANG_WARN_EMPTY_BODY = YES;
				CLANG_WARN_ENUM_CONVERSION = YES;
				CLANG_WARN_INFINITE_RECURSION = YES;
				CLANG_WARN_INT_CONVERSION = YES;
				CLANG_WARN_NON_LITERAL_NULL_CONVERSION = YES;
				CLANG_WARN_OBJC_LITERAL_CONVERSION = YES;
				CLANG_WARN_OBJC_ROOT_CLASS = YES_ERROR;
				CLANG_WARN_RANGE_LOOP_ANALYSIS = YES;
				CLANG_WARN_STRICT_PROTOTYPES = YES;
				CLANG_WARN_SUSPICIOUS_MOVE = YES;
				CLANG_WARN_UNGUARDED_AVAILABILITY = YES_AGGRESSIVE;
				CLANG_WARN_UNREACHABLE_CODE = YES;
				CLANG_WARN__DUPLICATE_METHOD_MATCH = YES;
				CODE_SIGN_IDENTITY = "iPhone Developer";
				COPY_PHASE_STRIP = NO;
				DEBUG_INFORMATION_FORMAT = dwarf;
				ENABLE_STRICT_OBJC_MSGSEND = YES;
				ENABLE_TESTABILITY = YES;
				GCC_C_LANGUAGE_STANDARD = gnu11;
				GCC_DYNAMIC_NO_PIC = NO;
				GCC_NO_COMMON_BLOCKS = YES;
				GCC_OPTIMIZATION_LEVEL = 0;
				GCC_PREPROCESSOR_DEFINITIONS = (
					"DEBUG=1",
					"$(inherited)",
				);
				GCC_WARN_64_TO_32_BIT_CONVERSION = YES;
				GCC_WARN_ABOUT_RETURN_TYPE = YES_ERROR;
				GCC_WARN_UNDECLARED_SELECTOR = YES;
				GCC_WARN_UNINITIALIZED_AUTOS = YES_AGGRESSIVE;
				GCC_WARN_UNUSED_FUNCTION = YES;
				GCC_WARN_UNUSED_VARIABLE = YES;
				IPHONEOS_DEPLOYMENT_TARGET = 11.1;
				MTL_ENABLE_DEBUG_INFO = YES;
				ONLY_ACTIVE_ARCH = YES;
				SDKROOT = iphoneos;
				SWIFT_ACTIVE_COMPILATION_CONDITIONS = DEBUG;
				SWIFT_OPTIMIZATION_LEVEL = "-Onone";
			};
			name = Debug;
		};
		3EA719A420AF34A800930594 /* Release */ = {
			isa = XCBuildConfiguration;
			buildSettings = {
				ALWAYS_SEARCH_USER_PATHS = NO;
				CLANG_ANALYZER_NONNULL = YES;
				CLANG_ANALYZER_NUMBER_OBJECT_CONVERSION = YES_AGGRESSIVE;
				CLANG_CXX_LANGUAGE_STANDARD = "gnu++14";
				CLANG_CXX_LIBRARY = "libc++";
				CLANG_ENABLE_MODULES = YES;
				CLANG_ENABLE_OBJC_ARC = YES;
				CLANG_WARN_BLOCK_CAPTURE_AUTORELEASING = YES;
				CLANG_WARN_BOOL_CONVERSION = YES;
				CLANG_WARN_COMMA = YES;
				CLANG_WARN_CONSTANT_CONVERSION = YES;
				CLANG_WARN_DIRECT_OBJC_ISA_USAGE = YES_ERROR;
				CLANG_WARN_DOCUMENTATION_COMMENTS = YES;
				CLANG_WARN_EMPTY_BODY = YES;
				CLANG_WARN_ENUM_CONVERSION = YES;
				CLANG_WARN_INFINITE_RECURSION = YES;
				CLANG_WARN_INT_CONVERSION = YES;
				CLANG_WARN_NON_LITERAL_NULL_CONVERSION = YES;
				CLANG_WARN_OBJC_LITERAL_CONVERSION = YES;
				CLANG_WARN_OBJC_ROOT_CLASS = YES_ERROR;
				CLANG_WARN_RANGE_LOOP_ANALYSIS = YES;
				CLANG_WARN_STRICT_PROTOTYPES = YES;
				CLANG_WARN_SUSPICIOUS_MOVE = YES;
				CLANG_WARN_UNGUARDED_AVAILABILITY = YES_AGGRESSIVE;
				CLANG_WARN_UNREACHABLE_CODE = YES;
				CLANG_WARN__DUPLICATE_METHOD_MATCH = YES;
				CODE_SIGN_IDENTITY = "iPhone Developer";
				COPY_PHASE_STRIP = NO;
				DEBUG_INFORMATION_FORMAT = "dwarf-with-dsym";
				ENABLE_NS_ASSERTIONS = NO;
				ENABLE_STRICT_OBJC_MSGSEND = YES;
				GCC_C_LANGUAGE_STANDARD = gnu11;
				GCC_NO_COMMON_BLOCKS = YES;
				GCC_WARN_64_TO_32_BIT_CONVERSION = YES;
				GCC_WARN_ABOUT_RETURN_TYPE = YES_ERROR;
				GCC_WARN_UNDECLARED_SELECTOR = YES;
				GCC_WARN_UNINITIALIZED_AUTOS = YES_AGGRESSIVE;
				GCC_WARN_UNUSED_FUNCTION = YES;
				GCC_WARN_UNUSED_VARIABLE = YES;
				IPHONEOS_DEPLOYMENT_TARGET = 11.1;
				MTL_ENABLE_DEBUG_INFO = NO;
				SDKROOT = iphoneos;
				SWIFT_OPTIMIZATION_LEVEL = "-Owholemodule";
				VALIDATE_PRODUCT = YES;
			};
			name = Release;
		};
		3EA719A620AF34A800930594 /* Debug */ = {
			isa = XCBuildConfiguration;
			baseConfigurationReference = FCFEE995172B2AE0C3765E82 /* Pods-DemoSwift.debug.xcconfig */;
			buildSettings = {
				ASSETCATALOG_COMPILER_APPICON_NAME = AppIcon;
				CODE_SIGN_STYLE = Manual;
				DEVELOPMENT_TEAM = 97834V3J94;
				INFOPLIST_FILE = DemoSwift/Info.plist;
				IPHONEOS_DEPLOYMENT_TARGET = 10.3;
				LD_RUNPATH_SEARCH_PATHS = "$(inherited) @executable_path/Frameworks";
				PRODUCT_BUNDLE_IDENTIFIER = com.youtube.livevideo;
				PRODUCT_NAME = "$(TARGET_NAME)";
				PROVISIONING_PROFILE = "aad91c1e-dd41-44e5-87dc-576d9dbe215f";
				PROVISIONING_PROFILE_SPECIFIER = "Ibrahim Wildcard 3-Oct-17";
				SWIFT_VERSION = 4.0;
				TARGETED_DEVICE_FAMILY = "1,2";
			};
			name = Debug;
		};
		3EA719A720AF34A800930594 /* Release */ = {
			isa = XCBuildConfiguration;
			baseConfigurationReference = 7EC18888DB9CE11A26DDA3FF /* Pods-DemoSwift.release.xcconfig */;
			buildSettings = {
				ASSETCATALOG_COMPILER_APPICON_NAME = AppIcon;
				CODE_SIGN_STYLE = Manual;
				DEVELOPMENT_TEAM = 97834V3J94;
				INFOPLIST_FILE = DemoSwift/Info.plist;
				IPHONEOS_DEPLOYMENT_TARGET = 10.3;
				LD_RUNPATH_SEARCH_PATHS = "$(inherited) @executable_path/Frameworks";
				PRODUCT_BUNDLE_IDENTIFIER = com.youtube.livevideo;
				PRODUCT_NAME = "$(TARGET_NAME)";
				PROVISIONING_PROFILE = "aad91c1e-dd41-44e5-87dc-576d9dbe215f";
				PROVISIONING_PROFILE_SPECIFIER = "Ibrahim Wildcard 3-Oct-17";
				SWIFT_VERSION = 4.0;
				TARGETED_DEVICE_FAMILY = "1,2";
			};
			name = Release;
		};
/* End XCBuildConfiguration section */

/* Begin XCConfigurationList section */
		3EA7198E20AF34A800930594 /* Build configuration list for PBXProject "DemoSwift" */ = {
			isa = XCConfigurationList;
			buildConfigurations = (
				3EA719A320AF34A800930594 /* Debug */,
				3EA719A420AF34A800930594 /* Release */,
			);
			defaultConfigurationIsVisible = 0;
			defaultConfigurationName = Release;
		};
		3EA719A520AF34A800930594 /* Build configuration list for PBXNativeTarget "DemoSwift" */ = {
			isa = XCConfigurationList;
			buildConfigurations = (
				3EA719A620AF34A800930594 /* Debug */,
				3EA719A720AF34A800930594 /* Release */,
			);
			defaultConfigurationIsVisible = 0;
			defaultConfigurationName = Release;
		};
/* End XCConfigurationList section */
	};
	rootObject = 3EA7198B20AF34A800930594 /* Project object */;
}
